
Microsoft Visual Studio Solution File, Format Version 12.00
# Visual Studio Version 17
VisualStudioVersion = 17.5.33502.453
MinimumVisualStudioVersion = 10.0.40219.1
Project("{9A19103F-16F7-4668-BE54-9A1E7A4F7556}") = "ConsoleApp", "ConsoleApp\ConsoleApp.csproj", "{F6C3BBB3-1C88-49FC-BDA5-E03E0BB331D8}"
EndProject
Project("{9A19103F-16F7-4668-BE54-9A1E7A4F7556}") = "Application", "Application\Application.csproj", "{CEB7C2E5-27A3-4399-8ECA-57D88C6C12CA}"
EndProject
Project("{9A19103F-16F7-4668-BE54-9A1E7A4F7556}") = "Domain", "Domain\Domain.csproj", "{C3760D9A-C13C-4E2E-96C9-0E112CFB7498}"
EndProject
Project("{2150E333-8FDC-42A3-9474-1A3956D46DE8}") = "tests", "tests", "{D21ED426-5C0E-4FE3-80E8-C82BD30E50F9}"
EndProject
Project("{FAE04EC0-301F-11D3-BF4B-00C04F79EFBC}") = "Tests.Application", "Tests.Application\Tests.Application.csproj", "{611028C3-7DAB-49B8-BBFD-3719E9A88C92}"
EndProject
Global
	GlobalSection(SolutionConfigurationPlatforms) = preSolution
		Debug|Any CPU = Debug|Any CPU
		Release|Any CPU = Release|Any CPU
	EndGlobalSection
	GlobalSection(ProjectConfigurationPlatforms) = postSolution
		{F6C3BBB3-1C88-49FC-BDA5-E03E0BB331D8}.Debug|Any CPU.ActiveCfg = Debug|Any CPU
		{F6C3BBB3-1C88-49FC-BDA5-E03E0BB331D8}.Debug|Any CPU.Build.0 = Debug|Any CPU
		{F6C3BBB3-1C88-49FC-BDA5-E03E0BB331D8}.Release|Any CPU.ActiveCfg = Release|Any CPU
		{F6C3BBB3-1C88-49FC-BDA5-E03E0BB331D8}.Release|Any CPU.Build.0 = Release|Any CPU
		{CEB7C2E5-27A3-4399-8ECA-57D88C6C12CA}.Debug|Any CPU.ActiveCfg = Debug|Any CPU
		{CEB7C2E5-27A3-4399-8ECA-57D88C6C12CA}.Debug|Any CPU.Build.0 = Debug|Any CPU
		{CEB7C2E5-27A3-4399-8ECA-57D88C6C12CA}.Release|Any CPU.ActiveCfg = Release|Any CPU
		{CEB7C2E5-27A3-4399-8ECA-57D88C6C12CA}.Release|Any CPU.Build.0 = Release|Any CPU
		{C3760D9A-C13C-4E2E-96C9-0E112CFB7498}.Debug|Any CPU.ActiveCfg = Debug|Any CPU
		{C3760D9A-C13C-4E2E-96C9-0E112CFB7498}.Debug|Any CPU.Build.0 = Debug|Any CPU
		{C3760D9A-C13C-4E2E-96C9-0E112CFB7498}.Release|Any CPU.ActiveCfg = Release|Any CPU
		{C3760D9A-C13C-4E2E-96C9-0E112CFB7498}.Release|Any CPU.Build.0 = Release|Any CPU
		{611028C3-7DAB-49B8-BBFD-3719E9A88C92}.Debug|Any CPU.ActiveCfg = Debug|Any CPU
		{611028C3-7DAB-49B8-BBFD-3719E9A88C92}.Debug|Any CPU.Build.0 = Debug|Any CPU
		{611028C3-7DAB-49B8-BBFD-3719E9A88C92}.Release|Any CPU.ActiveCfg = Release|Any CPU
		{611028C3-7DAB-49B8-BBFD-3719E9A88C92}.Release|Any CPU.Build.0 = Release|Any CPU
	EndGlobalSection
	GlobalSection(SolutionProperties) = preSolution
		HideSolutionNode = FALSE
	EndGlobalSection
	GlobalSection(NestedProjects) = preSolution
		{611028C3-7DAB-49B8-BBFD-3719E9A88C92} = {D21ED426-5C0E-4FE3-80E8-C82BD30E50F9}
	EndGlobalSection
	GlobalSection(ExtensibilityGlobals) = postSolution
		SolutionGuid = {365BB8FA-3620-40CC-8F53-7BE05BB16CB1}
	EndGlobalSection
EndGlobal
